
Microsoft Visual Studio Solution File, Format Version 12.00
# Visual Studio Version 17
VisualStudioVersion = 17.9.34616.47
MinimumVisualStudioVersion = 10.0.40219.1
Project("{FAE04EC0-301F-11D3-BF4B-00C04F79EFBC}") = "AggregationAPI", "AggregationAPI\AggregationAPI.csproj", "{5CFFAE18-FA56-41D7-A31F-B158839F9C03}"
EndProject
Global
	GlobalSection(SolutionConfigurationPlatforms) = preSolution
		Debug|Any CPU = Debug|Any CPU
		Release|Any CPU = Release|Any CPU
	EndGlobalSection
	GlobalSection(ProjectConfigurationPlatforms) = postSolution
		{5CFFAE18-FA56-41D7-A31F-B158839F9C03}.Debug|Any CPU.ActiveCfg = Debug|Any CPU
		{5CFFAE18-FA56-41D7-A31F-B158839F9C03}.Debug|Any CPU.Build.0 = Debug|Any CPU
		{5CFFAE18-FA56-41D7-A31F-B158839F9C03}.Release|Any CPU.ActiveCfg = Release|Any CPU
		{5CFFAE18-FA56-41D7-A31F-B158839F9C03}.Release|Any CPU.Build.0 = Release|Any CPU
	EndGlobalSection
	GlobalSection(SolutionProperties) = preSolution
		HideSolutionNode = FALSE
	EndGlobalSection
	GlobalSection(ExtensibilityGlobals) = postSolution
		SolutionGuid = {42399D67-2281-440F-B0E1-C5C87F2BB8BA}
	EndGlobalSection
EndGlobal
